
Microsoft Visual Studio Solution File, Format Version 12.00
# Visual Studio Version 17
VisualStudioVersion = 17.3.32922.545
MinimumVisualStudioVersion = 10.0.40219.1
Project("{9A19103F-16F7-4668-BE54-9A1E7A4F7556}") = "UserManager.Models", "UserManager.Models\UserManager.Models.csproj", "{1B5223B3-0CD0-4954-ACB1-B949DC2916AD}"
EndProject
Project("{9A19103F-16F7-4668-BE54-9A1E7A4F7556}") = "UserManager.BL", "UserManager.BL\UserManager.BL.csproj", "{A85D02A1-0DAC-4FB7-A681-A8B18E3E0802}"
EndProject
Project("{9A19103F-16F7-4668-BE54-9A1E7A4F7556}") = "UserManager.GUICons", "UserManager.GUICons\UserManager.GUICons.csproj", "{EBEE057B-0CDD-427D-AB0F-922AC93BBB32}"
EndProject
Project("{9A19103F-16F7-4668-BE54-9A1E7A4F7556}") = "UserManager.GUIForms", "UserManager.GUIForms\UserManager.GUIForms.csproj", "{12D7E9CF-0633-4E85-8702-AED1C154329C}"
EndProject
Project("{FAE04EC0-301F-11D3-BF4B-00C04F79EFBC}") = "UserManager.BL.Tests", "UserManager.BL.Tests\UserManager.BL.Tests.csproj", "{AEDCF369-9962-4256-A888-D0550A960514}"
EndProject
Global
	GlobalSection(SolutionConfigurationPlatforms) = preSolution
		Debug|Any CPU = Debug|Any CPU
		Release|Any CPU = Release|Any CPU
	EndGlobalSection
	GlobalSection(ProjectConfigurationPlatforms) = postSolution
		{1B5223B3-0CD0-4954-ACB1-B949DC2916AD}.Debug|Any CPU.ActiveCfg = Debug|Any CPU
		{1B5223B3-0CD0-4954-ACB1-B949DC2916AD}.Debug|Any CPU.Build.0 = Debug|Any CPU
		{1B5223B3-0CD0-4954-ACB1-B949DC2916AD}.Release|Any CPU.ActiveCfg = Release|Any CPU
		{1B5223B3-0CD0-4954-ACB1-B949DC2916AD}.Release|Any CPU.Build.0 = Release|Any CPU
		{A85D02A1-0DAC-4FB7-A681-A8B18E3E0802}.Debug|Any CPU.ActiveCfg = Debug|Any CPU
		{A85D02A1-0DAC-4FB7-A681-A8B18E3E0802}.Debug|Any CPU.Build.0 = Debug|Any CPU
		{A85D02A1-0DAC-4FB7-A681-A8B18E3E0802}.Release|Any CPU.ActiveCfg = Release|Any CPU
		{A85D02A1-0DAC-4FB7-A681-A8B18E3E0802}.Release|Any CPU.Build.0 = Release|Any CPU
		{EBEE057B-0CDD-427D-AB0F-922AC93BBB32}.Debug|Any CPU.ActiveCfg = Debug|Any CPU
		{EBEE057B-0CDD-427D-AB0F-922AC93BBB32}.Debug|Any CPU.Build.0 = Debug|Any CPU
		{EBEE057B-0CDD-427D-AB0F-922AC93BBB32}.Release|Any CPU.ActiveCfg = Release|Any CPU
		{EBEE057B-0CDD-427D-AB0F-922AC93BBB32}.Release|Any CPU.Build.0 = Release|Any CPU
		{12D7E9CF-0633-4E85-8702-AED1C154329C}.Debug|Any CPU.ActiveCfg = Debug|Any CPU
		{12D7E9CF-0633-4E85-8702-AED1C154329C}.Debug|Any CPU.Build.0 = Debug|Any CPU
		{12D7E9CF-0633-4E85-8702-AED1C154329C}.Release|Any CPU.ActiveCfg = Release|Any CPU
		{12D7E9CF-0633-4E85-8702-AED1C154329C}.Release|Any CPU.Build.0 = Release|Any CPU
		{AEDCF369-9962-4256-A888-D0550A960514}.Debug|Any CPU.ActiveCfg = Debug|Any CPU
		{AEDCF369-9962-4256-A888-D0550A960514}.Debug|Any CPU.Build.0 = Debug|Any CPU
		{AEDCF369-9962-4256-A888-D0550A960514}.Release|Any CPU.ActiveCfg = Release|Any CPU
		{AEDCF369-9962-4256-A888-D0550A960514}.Release|Any CPU.Build.0 = Release|Any CPU
	EndGlobalSection
	GlobalSection(SolutionProperties) = preSolution
		HideSolutionNode = FALSE
	EndGlobalSection
	GlobalSection(ExtensibilityGlobals) = postSolution
		SolutionGuid = {68D6F3DF-F672-45F1-9681-95C62B578943}
	EndGlobalSection
EndGlobal
